
Microsoft Visual Studio Solution File, Format Version 12.00
# Visual Studio Version 17
VisualStudioVersion = 17.1.32328.378
MinimumVisualStudioVersion = 10.0.40219.1
Project("{9A19103F-16F7-4668-BE54-9A1E7A4F7556}") = "Azure-Cosmos-DB-Sample", "Azure-Cosmos-DB-Sample.csproj", "{91BD52DA-0707-4853-A9AA-5270986FDBE1}"
EndProject
Global
	GlobalSection(SolutionConfigurationPlatforms) = preSolution
		Debug|Any CPU = Debug|Any CPU
		Release|Any CPU = Release|Any CPU
	EndGlobalSection
	GlobalSection(ProjectConfigurationPlatforms) = postSolution
		{91BD52DA-0707-4853-A9AA-5270986FDBE1}.Debug|Any CPU.ActiveCfg = Debug|Any CPU
		{91BD52DA-0707-4853-A9AA-5270986FDBE1}.Debug|Any CPU.Build.0 = Debug|Any CPU
		{91BD52DA-0707-4853-A9AA-5270986FDBE1}.Release|Any CPU.ActiveCfg = Release|Any CPU
		{91BD52DA-0707-4853-A9AA-5270986FDBE1}.Release|Any CPU.Build.0 = Release|Any CPU
	EndGlobalSection
	GlobalSection(SolutionProperties) = preSolution
		HideSolutionNode = FALSE
	EndGlobalSection
	GlobalSection(ExtensibilityGlobals) = postSolution
		SolutionGuid = {9C33104C-31B5-4286-876C-B35BFE5A989E}
	EndGlobalSection
EndGlobal
